
Microsoft Visual Studio Solution File, Format Version 12.00
# Visual Studio Version 17
VisualStudioVersion = 17.10.34916.146
MinimumVisualStudioVersion = 10.0.40219.1
Project("{9A19103F-16F7-4668-BE54-9A1E7A4F7556}") = "MVC_1", "MVC_1.csproj", "{14426C67-A0AF-4690-B35A-32DE96C59F87}"
EndProject
Project("{9A19103F-16F7-4668-BE54-9A1E7A4F7556}") = "Domain", "..\Domain\Domain.csproj", "{51C2449A-B97B-4D00-9AD3-A6D74F5C23F0}"
EndProject
Project("{2150E333-8FDC-42A3-9474-1A3956D46DE8}") = "Resume.Infrastructure", "Resume.Infrastructure", "{E36AB383-C2BB-437F-879F-BEECCCE166F7}"
EndProject
Project("{9A19103F-16F7-4668-BE54-9A1E7A4F7556}") = "Infrastructure", "..\Infrastrcuture\Infrastructure.csproj", "{0509983F-D828-4602-BB18-90BC986A6973}"
EndProject
Project("{2150E333-8FDC-42A3-9474-1A3956D46DE8}") = "Resume.Application", "Resume.Application", "{C5AD04FD-58C4-4D86-8912-CCBAB079BE9B}"
EndProject
Project("{2150E333-8FDC-42A3-9474-1A3956D46DE8}") = "Resume.Presentation", "Resume.Presentation", "{A5FA562A-7368-491D-A2BC-DC62B74E504F}"
EndProject
Project("{9A19103F-16F7-4668-BE54-9A1E7A4F7556}") = "Repository", "..\Repository\Repository.csproj", "{96A9CB01-42B0-4F44-9C98-8FB1974D0214}"
EndProject
Project("{9A19103F-16F7-4668-BE54-9A1E7A4F7556}") = "Services", "..\Services\Services.csproj", "{1ADF61BB-42D5-475D-8E75-8F8F9F00D487}"
EndProject
Project("{9A19103F-16F7-4668-BE54-9A1E7A4F7556}") = "Services.Implementation", "..\Services.Implementation\Services.Implementation.csproj", "{DC0ED89A-9AFB-4769-B89E-8F72D7ABE328}"
EndProject
Global
	GlobalSection(SolutionConfigurationPlatforms) = preSolution
		Debug|Any CPU = Debug|Any CPU
		Release|Any CPU = Release|Any CPU
	EndGlobalSection
	GlobalSection(ProjectConfigurationPlatforms) = postSolution
		{14426C67-A0AF-4690-B35A-32DE96C59F87}.Debug|Any CPU.ActiveCfg = Debug|Any CPU
		{14426C67-A0AF-4690-B35A-32DE96C59F87}.Debug|Any CPU.Build.0 = Debug|Any CPU
		{14426C67-A0AF-4690-B35A-32DE96C59F87}.Release|Any CPU.ActiveCfg = Release|Any CPU
		{14426C67-A0AF-4690-B35A-32DE96C59F87}.Release|Any CPU.Build.0 = Release|Any CPU
		{51C2449A-B97B-4D00-9AD3-A6D74F5C23F0}.Debug|Any CPU.ActiveCfg = Debug|Any CPU
		{51C2449A-B97B-4D00-9AD3-A6D74F5C23F0}.Debug|Any CPU.Build.0 = Debug|Any CPU
		{51C2449A-B97B-4D00-9AD3-A6D74F5C23F0}.Release|Any CPU.ActiveCfg = Release|Any CPU
		{51C2449A-B97B-4D00-9AD3-A6D74F5C23F0}.Release|Any CPU.Build.0 = Release|Any CPU
		{0509983F-D828-4602-BB18-90BC986A6973}.Debug|Any CPU.ActiveCfg = Debug|Any CPU
		{0509983F-D828-4602-BB18-90BC986A6973}.Debug|Any CPU.Build.0 = Debug|Any CPU
		{0509983F-D828-4602-BB18-90BC986A6973}.Release|Any CPU.ActiveCfg = Release|Any CPU
		{0509983F-D828-4602-BB18-90BC986A6973}.Release|Any CPU.Build.0 = Release|Any CPU
		{96A9CB01-42B0-4F44-9C98-8FB1974D0214}.Debug|Any CPU.ActiveCfg = Debug|Any CPU
		{96A9CB01-42B0-4F44-9C98-8FB1974D0214}.Debug|Any CPU.Build.0 = Debug|Any CPU
		{96A9CB01-42B0-4F44-9C98-8FB1974D0214}.Release|Any CPU.ActiveCfg = Release|Any CPU
		{96A9CB01-42B0-4F44-9C98-8FB1974D0214}.Release|Any CPU.Build.0 = Release|Any CPU
		{1ADF61BB-42D5-475D-8E75-8F8F9F00D487}.Debug|Any CPU.ActiveCfg = Debug|Any CPU
		{1ADF61BB-42D5-475D-8E75-8F8F9F00D487}.Debug|Any CPU.Build.0 = Debug|Any CPU
		{1ADF61BB-42D5-475D-8E75-8F8F9F00D487}.Release|Any CPU.ActiveCfg = Release|Any CPU
		{1ADF61BB-42D5-475D-8E75-8F8F9F00D487}.Release|Any CPU.Build.0 = Release|Any CPU
		{DC0ED89A-9AFB-4769-B89E-8F72D7ABE328}.Debug|Any CPU.ActiveCfg = Debug|Any CPU
		{DC0ED89A-9AFB-4769-B89E-8F72D7ABE328}.Debug|Any CPU.Build.0 = Debug|Any CPU
		{DC0ED89A-9AFB-4769-B89E-8F72D7ABE328}.Release|Any CPU.ActiveCfg = Release|Any CPU
		{DC0ED89A-9AFB-4769-B89E-8F72D7ABE328}.Release|Any CPU.Build.0 = Release|Any CPU
	EndGlobalSection
	GlobalSection(SolutionProperties) = preSolution
		HideSolutionNode = FALSE
	EndGlobalSection
	GlobalSection(NestedProjects) = preSolution
		{14426C67-A0AF-4690-B35A-32DE96C59F87} = {A5FA562A-7368-491D-A2BC-DC62B74E504F}
		{51C2449A-B97B-4D00-9AD3-A6D74F5C23F0} = {C5AD04FD-58C4-4D86-8912-CCBAB079BE9B}
		{0509983F-D828-4602-BB18-90BC986A6973} = {E36AB383-C2BB-437F-879F-BEECCCE166F7}
		{96A9CB01-42B0-4F44-9C98-8FB1974D0214} = {C5AD04FD-58C4-4D86-8912-CCBAB079BE9B}
		{1ADF61BB-42D5-475D-8E75-8F8F9F00D487} = {C5AD04FD-58C4-4D86-8912-CCBAB079BE9B}
		{DC0ED89A-9AFB-4769-B89E-8F72D7ABE328} = {C5AD04FD-58C4-4D86-8912-CCBAB079BE9B}
	EndGlobalSection
	GlobalSection(ExtensibilityGlobals) = postSolution
		SolutionGuid = {609CDD0A-9C0E-499F-AE0D-8BE99021782C}
	EndGlobalSection
EndGlobal
